
Microsoft Visual Studio Solution File, Format Version 12.00
# Visual Studio Version 17
VisualStudioVersion = 17.14.36310.24 d17.14
MinimumVisualStudioVersion = 10.0.40219.1
Project("{FAE04EC0-301F-11D3-BF4B-00C04F79EFBC}") = "Robot_API", "Robot_API.csproj", "{CDBE36DA-EEDA-410A-966C-0B4964C1F954}"
EndProject
Global
	GlobalSection(SolutionConfigurationPlatforms) = preSolution
		Debug|Any CPU = Debug|Any CPU
		Release|Any CPU = Release|Any CPU
	EndGlobalSection
	GlobalSection(ProjectConfigurationPlatforms) = postSolution
		{CDBE36DA-EEDA-410A-966C-0B4964C1F954}.Debug|Any CPU.ActiveCfg = Debug|Any CPU
		{CDBE36DA-EEDA-410A-966C-0B4964C1F954}.Debug|Any CPU.Build.0 = Debug|Any CPU
		{CDBE36DA-EEDA-410A-966C-0B4964C1F954}.Release|Any CPU.ActiveCfg = Release|Any CPU
		{CDBE36DA-EEDA-410A-966C-0B4964C1F954}.Release|Any CPU.Build.0 = Release|Any CPU
	EndGlobalSection
	GlobalSection(SolutionProperties) = preSolution
		HideSolutionNode = FALSE
	EndGlobalSection
	GlobalSection(ExtensibilityGlobals) = postSolution
		SolutionGuid = {4E301310-3A42-4C89-89E3-5D9C094CF94C}
	EndGlobalSection
EndGlobal
